
Microsoft Visual Studio Solution File, Format Version 12.00
# Visual Studio Version 17
VisualStudioVersion = 17.5.33516.290
MinimumVisualStudioVersion = 10.0.40219.1
Project("{FAE04EC0-301F-11D3-BF4B-00C04F79EFBC}") = "POL-EKO TempMonitor", "POL-EKO TempMonitor\POL-EKO TempMonitor.csproj", "{261E4349-61AD-4D1D-B605-88F46402C037}"
EndProject
Global
	GlobalSection(SolutionConfigurationPlatforms) = preSolution
		Debug|Any CPU = Debug|Any CPU
		Release|Any CPU = Release|Any CPU
	EndGlobalSection
	GlobalSection(ProjectConfigurationPlatforms) = postSolution
		{261E4349-61AD-4D1D-B605-88F46402C037}.Debug|Any CPU.ActiveCfg = Debug|Any CPU
		{261E4349-61AD-4D1D-B605-88F46402C037}.Debug|Any CPU.Build.0 = Debug|Any CPU
		{261E4349-61AD-4D1D-B605-88F46402C037}.Release|Any CPU.ActiveCfg = Release|Any CPU
		{261E4349-61AD-4D1D-B605-88F46402C037}.Release|Any CPU.Build.0 = Release|Any CPU
	EndGlobalSection
	GlobalSection(SolutionProperties) = preSolution
		HideSolutionNode = FALSE
	EndGlobalSection
	GlobalSection(ExtensibilityGlobals) = postSolution
		SolutionGuid = {C67EADFE-E6C3-45BF-A0DF-7D694A8D9562}
	EndGlobalSection
EndGlobal
